// !$*UTF8*$!
{
	archiveVersion = 1;
	classes = {
	};
	objectVersion = 46;
	objects = {

/* Begin PBXBuildFile section */
		C31FEC8F1D29B0A200EC066B /* TaskPersistencyManager.swift in Sources */ = {isa = PBXBuildFile; fileRef = C31FEC8E1D29B0A200EC066B /* TaskPersistencyManager.swift */; };
		C31FEC941D29CDAE00EC066B /* Task+CoreDataProperties.swift in Sources */ = {isa = PBXBuildFile; fileRef = C31FEC901D29CDAE00EC066B /* Task+CoreDataProperties.swift */; };
		C31FEC951D29CDAE00EC066B /* Task.swift in Sources */ = {isa = PBXBuildFile; fileRef = C31FEC911D29CDAE00EC066B /* Task.swift */; };
		C31FEC961D29CDAE00EC066B /* Category+CoreDataProperties.swift in Sources */ = {isa = PBXBuildFile; fileRef = C31FEC921D29CDAE00EC066B /* Category+CoreDataProperties.swift */; };
		C31FEC971D29CDAE00EC066B /* Category.swift in Sources */ = {isa = PBXBuildFile; fileRef = C31FEC931D29CDAE00EC066B /* Category.swift */; };
		C31FEC991D29D15F00EC066B /* DataController.swift in Sources */ = {isa = PBXBuildFile; fileRef = C31FEC981D29D15F00EC066B /* DataController.swift */; };
		C31FEC9B1D29E02B00EC066B /* CategoryPersistencyManager.swift in Sources */ = {isa = PBXBuildFile; fileRef = C31FEC9A1D29E02B00EC066B /* CategoryPersistencyManager.swift */; };
		C31FEC9F1D2A707400EC066B /* NotificationsController.swift in Sources */ = {isa = PBXBuildFile; fileRef = C31FEC9E1D2A707400EC066B /* NotificationsController.swift */; };
		C31FECA11D2A737900EC066B /* Common.swift in Sources */ = {isa = PBXBuildFile; fileRef = C31FECA01D2A737900EC066B /* Common.swift */; };
		C32DB20C1D1F17220005BCA9 /* AppDelegate.swift in Sources */ = {isa = PBXBuildFile; fileRef = C32DB20B1D1F17220005BCA9 /* AppDelegate.swift */; };
		C32DB2111D1F17220005BCA9 /* Main.storyboard in Resources */ = {isa = PBXBuildFile; fileRef = C32DB20F1D1F17220005BCA9 /* Main.storyboard */; };
		C32DB2141D1F17220005BCA9 /* SimpleTaskManager.xcdatamodeld in Sources */ = {isa = PBXBuildFile; fileRef = C32DB2121D1F17220005BCA9 /* SimpleTaskManager.xcdatamodeld */; };
		C32DB2161D1F17220005BCA9 /* Assets.xcassets in Resources */ = {isa = PBXBuildFile; fileRef = C32DB2151D1F17220005BCA9 /* Assets.xcassets */; };
		C32DB2191D1F17220005BCA9 /* LaunchScreen.storyboard in Resources */ = {isa = PBXBuildFile; fileRef = C32DB2171D1F17220005BCA9 /* LaunchScreen.storyboard */; };
		C32DB2241D1F17220005BCA9 /* SimpleTaskManagerTests.swift in Sources */ = {isa = PBXBuildFile; fileRef = C32DB2231D1F17220005BCA9 /* SimpleTaskManagerTests.swift */; };
		C32DB22F1D1F17220005BCA9 /* SimpleTaskManagerUITests.swift in Sources */ = {isa = PBXBuildFile; fileRef = C32DB22E1D1F17220005BCA9 /* SimpleTaskManagerUITests.swift */; };
		C32DB23D1D1F17550005BCA9 /* SettingsViewController.swift in Sources */ = {isa = PBXBuildFile; fileRef = C32DB23C1D1F17550005BCA9 /* SettingsViewController.swift */; };
		C32DB23F1D1F3A960005BCA9 /* SettingsCategoriesTableViewController.swift in Sources */ = {isa = PBXBuildFile; fileRef = C32DB23E1D1F3A960005BCA9 /* SettingsCategoriesTableViewController.swift */; };
		C32DB2431D1FD23F0005BCA9 /* SettingsAddCategoryViewController.swift in Sources */ = {isa = PBXBuildFile; fileRef = C32DB2421D1FD23F0005BCA9 /* SettingsAddCategoryViewController.swift */; };
		C32DB2451D200BE60005BCA9 /* AddNewTaskViewController.swift in Sources */ = {isa = PBXBuildFile; fileRef = C32DB2441D200BE60005BCA9 /* AddNewTaskViewController.swift */; };
		C3C390BC1D2077CD009E0079 /* TasksViewController.swift in Sources */ = {isa = PBXBuildFile; fileRef = C3C390BB1D2077CD009E0079 /* TasksViewController.swift */; };
		C3C390C21D209678009E0079 /* Extensions.swift in Sources */ = {isa = PBXBuildFile; fileRef = C3C390C11D209678009E0079 /* Extensions.swift */; };
/* End PBXBuildFile section */

/* Begin PBXContainerItemProxy section */
		C32DB2201D1F17220005BCA9 /* PBXContainerItemProxy */ = {
			isa = PBXContainerItemProxy;
			containerPortal = C32DB2001D1F17220005BCA9 /* Project object */;
			proxyType = 1;
			remoteGlobalIDString = C32DB2071D1F17220005BCA9;
			remoteInfo = SimpleTaskManager;
		};
		C32DB22B1D1F17220005BCA9 /* PBXContainerItemProxy */ = {
			isa = PBXContainerItemProxy;
			containerPortal = C32DB2001D1F17220005BCA9 /* Project object */;
			proxyType = 1;
			remoteGlobalIDString = C32DB2071D1F17220005BCA9;
			remoteInfo = SimpleTaskManager;
		};
/* End PBXContainerItemProxy section */

/* Begin PBXFileReference section */
		C31FEC8E1D29B0A200EC066B /* TaskPersistencyManager.swift */ = {isa = PBXFileReference; fileEncoding = 4; lastKnownFileType = sourcecode.swift; path = TaskPersistencyManager.swift; sourceTree = "<group>"; };
		C31FEC901D29CDAE00EC066B /* Task+CoreDataProperties.swift */ = {isa = PBXFileReference; fileEncoding = 4; lastKnownFileType = sourcecode.swift; path = "Task+CoreDataProperties.swift"; sourceTree = "<group>"; };
		C31FEC911D29CDAE00EC066B /* Task.swift */ = {isa = PBXFileReference; fileEncoding = 4; lastKnownFileType = sourcecode.swift; path = Task.swift; sourceTree = "<group>"; };
		C31FEC921D29CDAE00EC066B /* Category+CoreDataProperties.swift */ = {isa = PBXFileReference; fileEncoding = 4; lastKnownFileType = sourcecode.swift; path = "Category+CoreDataProperties.swift"; sourceTree = "<group>"; };
		C31FEC931D29CDAE00EC066B /* Category.swift */ = {isa = PBXFileReference; fileEncoding = 4; lastKnownFileType = sourcecode.swift; path = Category.swift; sourceTree = "<group>"; };
		C31FEC981D29D15F00EC066B /* DataController.swift */ = {isa = PBXFileReference; fileEncoding = 4; lastKnownFileType = sourcecode.swift; path = DataController.swift; sourceTree = "<group>"; };
		C31FEC9A1D29E02B00EC066B /* CategoryPersistencyManager.swift */ = {isa = PBXFileReference; fileEncoding = 4; lastKnownFileType = sourcecode.swift; path = CategoryPersistencyManager.swift; sourceTree = "<group>"; };
		C31FEC9E1D2A707400EC066B /* NotificationsController.swift */ = {isa = PBXFileReference; fileEncoding = 4; lastKnownFileType = sourcecode.swift; path = NotificationsController.swift; sourceTree = "<group>"; };
		C31FECA01D2A737900EC066B /* Common.swift */ = {isa = PBXFileReference; fileEncoding = 4; lastKnownFileType = sourcecode.swift; path = Common.swift; sourceTree = "<group>"; };
		C32DB2081D1F17220005BCA9 /* SimpleTaskManager.app */ = {isa = PBXFileReference; explicitFileType = wrapper.application; includeInIndex = 0; path = SimpleTaskManager.app; sourceTree = BUILT_PRODUCTS_DIR; };
		C32DB20B1D1F17220005BCA9 /* AppDelegate.swift */ = {isa = PBXFileReference; lastKnownFileType = sourcecode.swift; path = AppDelegate.swift; sourceTree = "<group>"; };
		C32DB2101D1F17220005BCA9 /* Base */ = {isa = PBXFileReference; lastKnownFileType = file.storyboard; name = Base; path = Base.lproj/Main.storyboard; sourceTree = "<group>"; };
		C32DB2131D1F17220005BCA9 /* SimpleTaskManager.xcdatamodel */ = {isa = PBXFileReference; lastKnownFileType = wrapper.xcdatamodel; path = SimpleTaskManager.xcdatamodel; sourceTree = "<group>"; };
		C32DB2151D1F17220005BCA9 /* Assets.xcassets */ = {isa = PBXFileReference; lastKnownFileType = folder.assetcatalog; path = Assets.xcassets; sourceTree = "<group>"; };
		C32DB2181D1F17220005BCA9 /* Base */ = {isa = PBXFileReference; lastKnownFileType = file.storyboard; name = Base; path = Base.lproj/LaunchScreen.storyboard; sourceTree = "<group>"; };
		C32DB21A1D1F17220005BCA9 /* Info.plist */ = {isa = PBXFileReference; lastKnownFileType = text.plist.xml; path = Info.plist; sourceTree = "<group>"; };
		C32DB21F1D1F17220005BCA9 /* SimpleTaskManagerTests.xctest */ = {isa = PBXFileReference; explicitFileType = wrapper.cfbundle; includeInIndex = 0; path = SimpleTaskManagerTests.xctest; sourceTree = BUILT_PRODUCTS_DIR; };
		C32DB2231D1F17220005BCA9 /* SimpleTaskManagerTests.swift */ = {isa = PBXFileReference; lastKnownFileType = sourcecode.swift; path = SimpleTaskManagerTests.swift; sourceTree = "<group>"; };
		C32DB2251D1F17220005BCA9 /* Info.plist */ = {isa = PBXFileReference; lastKnownFileType = text.plist.xml; path = Info.plist; sourceTree = "<group>"; };
		C32DB22A1D1F17220005BCA9 /* SimpleTaskManagerUITests.xctest */ = {isa = PBXFileReference; explicitFileType = wrapper.cfbundle; includeInIndex = 0; path = SimpleTaskManagerUITests.xctest; sourceTree = BUILT_PRODUCTS_DIR; };
		C32DB22E1D1F17220005BCA9 /* SimpleTaskManagerUITests.swift */ = {isa = PBXFileReference; lastKnownFileType = sourcecode.swift; path = SimpleTaskManagerUITests.swift; sourceTree = "<group>"; };
		C32DB2301D1F17220005BCA9 /* Info.plist */ = {isa = PBXFileReference; lastKnownFileType = text.plist.xml; path = Info.plist; sourceTree = "<group>"; };
		C32DB23C1D1F17550005BCA9 /* SettingsViewController.swift */ = {isa = PBXFileReference; fileEncoding = 4; lastKnownFileType = sourcecode.swift; path = SettingsViewController.swift; sourceTree = "<group>"; };
		C32DB23E1D1F3A960005BCA9 /* SettingsCategoriesTableViewController.swift */ = {isa = PBXFileReference; fileEncoding = 4; lastKnownFileType = sourcecode.swift; path = SettingsCategoriesTableViewController.swift; sourceTree = "<group>"; };
		C32DB2421D1FD23F0005BCA9 /* SettingsAddCategoryViewController.swift */ = {isa = PBXFileReference; fileEncoding = 4; lastKnownFileType = sourcecode.swift; path = SettingsAddCategoryViewController.swift; sourceTree = "<group>"; };
		C32DB2441D200BE60005BCA9 /* AddNewTaskViewController.swift */ = {isa = PBXFileReference; fileEncoding = 4; lastKnownFileType = sourcecode.swift; path = AddNewTaskViewController.swift; sourceTree = "<group>"; };
		C3C390BB1D2077CD009E0079 /* TasksViewController.swift */ = {isa = PBXFileReference; fileEncoding = 4; lastKnownFileType = sourcecode.swift; path = TasksViewController.swift; sourceTree = "<group>"; };
		C3C390C11D209678009E0079 /* Extensions.swift */ = {isa = PBXFileReference; fileEncoding = 4; lastKnownFileType = sourcecode.swift; path = Extensions.swift; sourceTree = "<group>"; };
/* End PBXFileReference section */

/* Begin PBXFrameworksBuildPhase section */
		C32DB2051D1F17220005BCA9 /* Frameworks */ = {
			isa = PBXFrameworksBuildPhase;
			buildActionMask = 2147483647;
			files = (
			);
			runOnlyForDeploymentPostprocessing = 0;
		};
		C32DB21C1D1F17220005BCA9 /* Frameworks */ = {
			isa = PBXFrameworksBuildPhase;
			buildActionMask = 2147483647;
			files = (
			);
			runOnlyForDeploymentPostprocessing = 0;
		};
		C32DB2271D1F17220005BCA9 /* Frameworks */ = {
			isa = PBXFrameworksBuildPhase;
			buildActionMask = 2147483647;
			files = (
			);
			runOnlyForDeploymentPostprocessing = 0;
		};
/* End PBXFrameworksBuildPhase section */

/* Begin PBXGroup section */
		C31FEC741D29A99C00EC066B /* Store */ = {
			isa = PBXGroup;
			children = (
				C31FEC8E1D29B0A200EC066B /* TaskPersistencyManager.swift */,
				C31FEC9A1D29E02B00EC066B /* CategoryPersistencyManager.swift */,
			);
			name = Store;
			sourceTree = "<group>";
		};
		C31FEC751D29A9C200EC066B /* Model */ = {
			isa = PBXGroup;
			children = (
				C31FEC901D29CDAE00EC066B /* Task+CoreDataProperties.swift */,
				C31FEC911D29CDAE00EC066B /* Task.swift */,
				C31FEC921D29CDAE00EC066B /* Category+CoreDataProperties.swift */,
				C31FEC931D29CDAE00EC066B /* Category.swift */,
			);
			name = Model;
			sourceTree = "<group>";
		};
		C31FEC761D29A9D200EC066B /* Controller */ = {
			isa = PBXGroup;
			children = (
				C3C390BB1D2077CD009E0079 /* TasksViewController.swift */,
				C32DB23C1D1F17550005BCA9 /* SettingsViewController.swift */,
				C32DB23E1D1F3A960005BCA9 /* SettingsCategoriesTableViewController.swift */,
				C32DB2421D1FD23F0005BCA9 /* SettingsAddCategoryViewController.swift */,
				C32DB2441D200BE60005BCA9 /* AddNewTaskViewController.swift */,
				C31FEC9E1D2A707400EC066B /* NotificationsController.swift */,
			);
			name = Controller;
			sourceTree = "<group>";
		};
		C31FEC771D29A9D800EC066B /* View */ = {
			isa = PBXGroup;
			children = (
			);
			name = View;
			sourceTree = "<group>";
		};
		C32DB1FF1D1F17220005BCA9 = {
			isa = PBXGroup;
			children = (
				C32DB20A1D1F17220005BCA9 /* SimpleTaskManager */,
				C32DB2221D1F17220005BCA9 /* SimpleTaskManagerTests */,
				C32DB22D1D1F17220005BCA9 /* SimpleTaskManagerUITests */,
				C32DB2091D1F17220005BCA9 /* Products */,
			);
			sourceTree = "<group>";
		};
		C32DB2091D1F17220005BCA9 /* Products */ = {
			isa = PBXGroup;
			children = (
				C32DB2081D1F17220005BCA9 /* SimpleTaskManager.app */,
				C32DB21F1D1F17220005BCA9 /* SimpleTaskManagerTests.xctest */,
				C32DB22A1D1F17220005BCA9 /* SimpleTaskManagerUITests.xctest */,
			);
			name = Products;
			sourceTree = "<group>";
		};
		C32DB20A1D1F17220005BCA9 /* SimpleTaskManager */ = {
			isa = PBXGroup;
			children = (
				C31FEC771D29A9D800EC066B /* View */,
				C31FEC761D29A9D200EC066B /* Controller */,
				C31FEC751D29A9C200EC066B /* Model */,
				C31FEC741D29A99C00EC066B /* Store */,
				C3C390C11D209678009E0079 /* Extensions.swift */,
				C32DB20B1D1F17220005BCA9 /* AppDelegate.swift */,
				C31FECA01D2A737900EC066B /* Common.swift */,
				C32DB20F1D1F17220005BCA9 /* Main.storyboard */,
				C32DB2151D1F17220005BCA9 /* Assets.xcassets */,
				C32DB2171D1F17220005BCA9 /* LaunchScreen.storyboard */,
				C32DB21A1D1F17220005BCA9 /* Info.plist */,
				C32DB2121D1F17220005BCA9 /* SimpleTaskManager.xcdatamodeld */,
				C31FEC981D29D15F00EC066B /* DataController.swift */,
			);
			path = SimpleTaskManager;
			sourceTree = "<group>";
		};
		C32DB2221D1F17220005BCA9 /* SimpleTaskManagerTests */ = {
			isa = PBXGroup;
			children = (
				C32DB2231D1F17220005BCA9 /* SimpleTaskManagerTests.swift */,
				C32DB2251D1F17220005BCA9 /* Info.plist */,
			);
			path = SimpleTaskManagerTests;
			sourceTree = "<group>";
		};
		C32DB22D1D1F17220005BCA9 /* SimpleTaskManagerUITests */ = {
			isa = PBXGroup;
			children = (
				C32DB22E1D1F17220005BCA9 /* SimpleTaskManagerUITests.swift */,
				C32DB2301D1F17220005BCA9 /* Info.plist */,
			);
			path = SimpleTaskManagerUITests;
			sourceTree = "<group>";
		};
/* End PBXGroup section */

/* Begin PBXNativeTarget section */
		C32DB2071D1F17220005BCA9 /* SimpleTaskManager */ = {
			isa = PBXNativeTarget;
			buildConfigurationList = C32DB2331D1F17220005BCA9 /* Build configuration list for PBXNativeTarget "SimpleTaskManager" */;
			buildPhases = (
				C32DB2041D1F17220005BCA9 /* Sources */,
				C32DB2051D1F17220005BCA9 /* Frameworks */,
				C32DB2061D1F17220005BCA9 /* Resources */,
			);
			buildRules = (
			);
			dependencies = (
			);
			name = SimpleTaskManager;
			productName = SimpleTaskManager;
			productReference = C32DB2081D1F17220005BCA9 /* SimpleTaskManager.app */;
			productType = "com.apple.product-type.application";
		};
		C32DB21E1D1F17220005BCA9 /* SimpleTaskManagerTests */ = {
			isa = PBXNativeTarget;
			buildConfigurationList = C32DB2361D1F17220005BCA9 /* Build configuration list for PBXNativeTarget "SimpleTaskManagerTests" */;
			buildPhases = (
				C32DB21B1D1F17220005BCA9 /* Sources */,
				C32DB21C1D1F17220005BCA9 /* Frameworks */,
				C32DB21D1D1F17220005BCA9 /* Resources */,
			);
			buildRules = (
			);
			dependencies = (
				C32DB2211D1F17220005BCA9 /* PBXTargetDependency */,
			);
			name = SimpleTaskManagerTests;
			productName = SimpleTaskManagerTests;
			productReference = C32DB21F1D1F17220005BCA9 /* SimpleTaskManagerTests.xctest */;
			productType = "com.apple.product-type.bundle.unit-test";
		};
		C32DB2291D1F17220005BCA9 /* SimpleTaskManagerUITests */ = {
			isa = PBXNativeTarget;
			buildConfigurationList = C32DB2391D1F17220005BCA9 /* Build configuration list for PBXNativeTarget "SimpleTaskManagerUITests" */;
			buildPhases = (
				C32DB2261D1F17220005BCA9 /* Sources */,
				C32DB2271D1F17220005BCA9 /* Frameworks */,
				C32DB2281D1F17220005BCA9 /* Resources */,
			);
			buildRules = (
			);
			dependencies = (
				C32DB22C1D1F17220005BCA9 /* PBXTargetDependency */,
			);
			name = SimpleTaskManagerUITests;
			productName = SimpleTaskManagerUITests;
			productReference = C32DB22A1D1F17220005BCA9 /* SimpleTaskManagerUITests.xctest */;
			productType = "com.apple.product-type.bundle.ui-testing";
		};
/* End PBXNativeTarget section */

/* Begin PBXProject section */
		C32DB2001D1F17220005BCA9 /* Project object */ = {
			isa = PBXProject;
			attributes = {
				LastSwiftUpdateCheck = 0730;
				LastUpgradeCheck = 0820;
				ORGANIZATIONNAME = "Lukas Turcan";
				TargetAttributes = {
					C32DB2071D1F17220005BCA9 = {
						CreatedOnToolsVersion = 7.3.1;
						LastSwiftMigration = 0820;
					};
					C32DB21E1D1F17220005BCA9 = {
						CreatedOnToolsVersion = 7.3.1;
						LastSwiftMigration = 0820;
						TestTargetID = C32DB2071D1F17220005BCA9;
					};
					C32DB2291D1F17220005BCA9 = {
						CreatedOnToolsVersion = 7.3.1;
						LastSwiftMigration = 0820;
						TestTargetID = C32DB2071D1F17220005BCA9;
					};
				};
			};
			buildConfigurationList = C32DB2031D1F17220005BCA9 /* Build configuration list for PBXProject "SimpleTaskManager" */;
			compatibilityVersion = "Xcode 3.2";
			developmentRegion = English;
			hasScannedForEncodings = 0;
			knownRegions = (
				en,
				Base,
			);
			mainGroup = C32DB1FF1D1F17220005BCA9;
			productRefGroup = C32DB2091D1F17220005BCA9 /* Products */;
			projectDirPath = "";
			projectRoot = "";
			targets = (
				C32DB2071D1F17220005BCA9 /* SimpleTaskManager */,
				C32DB21E1D1F17220005BCA9 /* SimpleTaskManagerTests */,
				C32DB2291D1F17220005BCA9 /* SimpleTaskManagerUITests */,
			);
		};
/* End PBXProject section */

/* Begin PBXResourcesBuildPhase section */
		C32DB2061D1F17220005BCA9 /* Resources */ = {
			isa = PBXResourcesBuildPhase;
			buildActionMask = 2147483647;
			files = (
				C32DB2191D1F17220005BCA9 /* LaunchScreen.storyboard in Resources */,
				C32DB2161D1F17220005BCA9 /* Assets.xcassets in Resources */,
				C32DB2111D1F17220005BCA9 /* Main.storyboard in Resources */,
			);
			runOnlyForDeploymentPostprocessing = 0;
		};
		C32DB21D1D1F17220005BCA9 /* Resources */ = {
			isa = PBXResourcesBuildPhase;
			buildActionMask = 2147483647;
			files = (
			);
			runOnlyForDeploymentPostprocessing = 0;
		};
		C32DB2281D1F17220005BCA9 /* Resources */ = {
			isa = PBXResourcesBuildPhase;
			buildActionMask = 2147483647;
			files = (
			);
			runOnlyForDeploymentPostprocessing = 0;
		};
/* End PBXResourcesBuildPhase section */

/* Begin PBXSourcesBuildPhase section */
		C32DB2041D1F17220005BCA9 /* Sources */ = {
			isa = PBXSourcesBuildPhase;
			buildActionMask = 2147483647;
			files = (
				C3C390C21D209678009E0079 /* Extensions.swift in Sources */,
				C32DB23F1D1F3A960005BCA9 /* SettingsCategoriesTableViewController.swift in Sources */,
				C32DB20C1D1F17220005BCA9 /* AppDelegate.swift in Sources */,
				C31FEC9F1D2A707400EC066B /* NotificationsController.swift in Sources */,
				C31FECA11D2A737900EC066B /* Common.swift in Sources */,
				C31FEC8F1D29B0A200EC066B /* TaskPersistencyManager.swift in Sources */,
				C31FEC951D29CDAE00EC066B /* Task.swift in Sources */,
				C32DB2431D1FD23F0005BCA9 /* SettingsAddCategoryViewController.swift in Sources */,
				C3C390BC1D2077CD009E0079 /* TasksViewController.swift in Sources */,
				C31FEC991D29D15F00EC066B /* DataController.swift in Sources */,
				C31FEC961D29CDAE00EC066B /* Category+CoreDataProperties.swift in Sources */,
				C32DB2141D1F17220005BCA9 /* SimpleTaskManager.xcdatamodeld in Sources */,
				C31FEC971D29CDAE00EC066B /* Category.swift in Sources */,
				C31FEC9B1D29E02B00EC066B /* CategoryPersistencyManager.swift in Sources */,
				C32DB2451D200BE60005BCA9 /* AddNewTaskViewController.swift in Sources */,
				C31FEC941D29CDAE00EC066B /* Task+CoreDataProperties.swift in Sources */,
				C32DB23D1D1F17550005BCA9 /* SettingsViewController.swift in Sources */,
			);
			runOnlyForDeploymentPostprocessing = 0;
		};
		C32DB21B1D1F17220005BCA9 /* Sources */ = {
			isa = PBXSourcesBuildPhase;
			buildActionMask = 2147483647;
			files = (
				C32DB2241D1F17220005BCA9 /* SimpleTaskManagerTests.swift in Sources */,
			);
			runOnlyForDeploymentPostprocessing = 0;
		};
		C32DB2261D1F17220005BCA9 /* Sources */ = {
			isa = PBXSourcesBuildPhase;
			buildActionMask = 2147483647;
			files = (
				C32DB22F1D1F17220005BCA9 /* SimpleTaskManagerUITests.swift in Sources */,
			);
			runOnlyForDeploymentPostprocessing = 0;
		};
/* End PBXSourcesBuildPhase section */

/* Begin PBXTargetDependency section */
		C32DB2211D1F17220005BCA9 /* PBXTargetDependency */ = {
			isa = PBXTargetDependency;
			target = C32DB2071D1F17220005BCA9 /* SimpleTaskManager */;
			targetProxy = C32DB2201D1F17220005BCA9 /* PBXContainerItemProxy */;
		};
		C32DB22C1D1F17220005BCA9 /* PBXTargetDependency */ = {
			isa = PBXTargetDependency;
			target = C32DB2071D1F17220005BCA9 /* SimpleTaskManager */;
			targetProxy = C32DB22B1D1F17220005BCA9 /* PBXContainerItemProxy */;
		};
/* End PBXTargetDependency section */

/* Begin PBXVariantGroup section */
		C32DB20F1D1F17220005BCA9 /* Main.storyboard */ = {
			isa = PBXVariantGroup;
			children = (
				C32DB2101D1F17220005BCA9 /* Base */,
			);
			name = Main.storyboard;
			sourceTree = "<group>";
		};
		C32DB2171D1F17220005BCA9 /* LaunchScreen.storyboard */ = {
			isa = PBXVariantGroup;
			children = (
				C32DB2181D1F17220005BCA9 /* Base */,
			);
			name = LaunchScreen.storyboard;
			sourceTree = "<group>";
		};
/* End PBXVariantGroup section */

/* Begin XCBuildConfiguration section */
		C32DB2311D1F17220005BCA9 /* Debug */ = {
			isa = XCBuildConfiguration;
			buildSettings = {
				ALWAYS_SEARCH_USER_PATHS = NO;
				CLANG_ANALYZER_NONNULL = YES;
				CLANG_CXX_LANGUAGE_STANDARD = "gnu++0x";
				CLANG_CXX_LIBRARY = "libc++";
				CLANG_ENABLE_MODULES = YES;
				CLANG_ENABLE_OBJC_ARC = YES;
				CLANG_WARN_BOOL_CONVERSION = YES;
				CLANG_WARN_CONSTANT_CONVERSION = YES;
				CLANG_WARN_DIRECT_OBJC_ISA_USAGE = YES_ERROR;
				CLANG_WARN_EMPTY_BODY = YES;
				CLANG_WARN_ENUM_CONVERSION = YES;
				CLANG_WARN_INFINITE_RECURSION = YES;
				CLANG_WARN_INT_CONVERSION = YES;
				CLANG_WARN_OBJC_ROOT_CLASS = YES_ERROR;
				CLANG_WARN_SUSPICIOUS_MOVE = YES;
				CLANG_WARN_UNREACHABLE_CODE = YES;
				CLANG_WARN__DUPLICATE_METHOD_MATCH = YES;
				"CODE_SIGN_IDENTITY[sdk=iphoneos*]" = "iPhone Developer";
				COPY_PHASE_STRIP = NO;
				DEBUG_INFORMATION_FORMAT = dwarf;
				ENABLE_STRICT_OBJC_MSGSEND = YES;
				ENABLE_TESTABILITY = YES;
				GCC_C_LANGUAGE_STANDARD = gnu99;
				GCC_DYNAMIC_NO_PIC = NO;
				GCC_NO_COMMON_BLOCKS = YES;
				GCC_OPTIMIZATION_LEVEL = 0;
				GCC_PREPROCESSOR_DEFINITIONS = (
					"DEBUG=1",
					"$(inherited)",
				);
				GCC_WARN_64_TO_32_BIT_CONVERSION = YES;
				GCC_WARN_ABOUT_RETURN_TYPE = YES_ERROR;
				GCC_WARN_UNDECLARED_SELECTOR = YES;
				GCC_WARN_UNINITIALIZED_AUTOS = YES_AGGRESSIVE;
				GCC_WARN_UNUSED_FUNCTION = YES;
				GCC_WARN_UNUSED_VARIABLE = YES;
				IPHONEOS_DEPLOYMENT_TARGET = 9.3;
				MTL_ENABLE_DEBUG_INFO = YES;
				ONLY_ACTIVE_ARCH = YES;
				SDKROOT = iphoneos;
				SWIFT_OPTIMIZATION_LEVEL = "-Onone";
			};
			name = Debug;
		};
		C32DB2321D1F17220005BCA9 /* Release */ = {
			isa = XCBuildConfiguration;
			buildSettings = {
				ALWAYS_SEARCH_USER_PATHS = NO;
				CLANG_ANALYZER_NONNULL = YES;
				CLANG_CXX_LANGUAGE_STANDARD = "gnu++0x";
				CLANG_CXX_LIBRARY = "libc++";
				CLANG_ENABLE_MODULES = YES;
				CLANG_ENABLE_OBJC_ARC = YES;
				CLANG_WARN_BOOL_CONVERSION = YES;
				CLANG_WARN_CONSTANT_CONVERSION = YES;
				CLANG_WARN_DIRECT_OBJC_ISA_USAGE = YES_ERROR;
				CLANG_WARN_EMPTY_BODY = YES;
				CLANG_WARN_ENUM_CONVERSION = YES;
				CLANG_WARN_INFINITE_RECURSION = YES;
				CLANG_WARN_INT_CONVERSION = YES;
				CLANG_WARN_OBJC_ROOT_CLASS = YES_ERROR;
				CLANG_WARN_SUSPICIOUS_MOVE = YES;
				CLANG_WARN_UNREACHABLE_CODE = YES;
				CLANG_WARN__DUPLICATE_METHOD_MATCH = YES;
				"CODE_SIGN_IDENTITY[sdk=iphoneos*]" = "iPhone Developer";
				COPY_PHASE_STRIP = NO;
				DEBUG_INFORMATION_FORMAT = "dwarf-with-dsym";
				ENABLE_NS_ASSERTIONS = NO;
				ENABLE_STRICT_OBJC_MSGSEND = YES;
				GCC_C_LANGUAGE_STANDARD = gnu99;
				GCC_NO_COMMON_BLOCKS = YES;
				GCC_WARN_64_TO_32_BIT_CONVERSION = YES;
				GCC_WARN_ABOUT_RETURN_TYPE = YES_ERROR;
				GCC_WARN_UNDECLARED_SELECTOR = YES;
				GCC_WARN_UNINITIALIZED_AUTOS = YES_AGGRESSIVE;
				GCC_WARN_UNUSED_FUNCTION = YES;
				GCC_WARN_UNUSED_VARIABLE = YES;
				IPHONEOS_DEPLOYMENT_TARGET = 9.3;
				MTL_ENABLE_DEBUG_INFO = NO;
				SDKROOT = iphoneos;
				SWIFT_OPTIMIZATION_LEVEL = "-Owholemodule";
				VALIDATE_PRODUCT = YES;
			};
			name = Release;
		};
		C32DB2341D1F17220005BCA9 /* Debug */ = {
			isa = XCBuildConfiguration;
			buildSettings = {
				ASSETCATALOG_COMPILER_APPICON_NAME = AppIcon;
				INFOPLIST_FILE = SimpleTaskManager/Info.plist;
				LD_RUNPATH_SEARCH_PATHS = "$(inherited) @executable_path/Frameworks";
				PRODUCT_BUNDLE_IDENTIFIER = cody.SimpleTaskManager;
				PRODUCT_NAME = "$(TARGET_NAME)";
				SWIFT_VERSION = 3.0;
			};
			name = Debug;
		};
		C32DB2351D1F17220005BCA9 /* Release */ = {
			isa = XCBuildConfiguration;
			buildSettings = {
				ASSETCATALOG_COMPILER_APPICON_NAME = AppIcon;
				INFOPLIST_FILE = SimpleTaskManager/Info.plist;
				LD_RUNPATH_SEARCH_PATHS = "$(inherited) @executable_path/Frameworks";
				PRODUCT_BUNDLE_IDENTIFIER = cody.SimpleTaskManager;
				PRODUCT_NAME = "$(TARGET_NAME)";
				SWIFT_VERSION = 3.0;
			};
			name = Release;
		};
		C32DB2371D1F17220005BCA9 /* Debug */ = {
			isa = XCBuildConfiguration;
			buildSettings = {
				BUNDLE_LOADER = "$(TEST_HOST)";
				INFOPLIST_FILE = SimpleTaskManagerTests/Info.plist;
				LD_RUNPATH_SEARCH_PATHS = "$(inherited) @executable_path/Frameworks @loader_path/Frameworks";
				PRODUCT_BUNDLE_IDENTIFIER = cody.SimpleTaskManagerTests;
				PRODUCT_NAME = "$(TARGET_NAME)";
				SWIFT_VERSION = 3.0;
				TEST_HOST = "$(BUILT_PRODUCTS_DIR)/SimpleTaskManager.app/SimpleTaskManager";
			};
			name = Debug;
		};
		C32DB2381D1F17220005BCA9 /* Release */ = {
			isa = XCBuildConfiguration;
			buildSettings = {
				BUNDLE_LOADER = "$(TEST_HOST)";
				INFOPLIST_FILE = SimpleTaskManagerTests/Info.plist;
				LD_RUNPATH_SEARCH_PATHS = "$(inherited) @executable_path/Frameworks @loader_path/Frameworks";
				PRODUCT_BUNDLE_IDENTIFIER = cody.SimpleTaskManagerTests;
				PRODUCT_NAME = "$(TARGET_NAME)";
				SWIFT_VERSION = 3.0;
				TEST_HOST = "$(BUILT_PRODUCTS_DIR)/SimpleTaskManager.app/SimpleTaskManager";
			};
			name = Release;
		};
		C32DB23A1D1F17220005BCA9 /* Debug */ = {
			isa = XCBuildConfiguration;
			buildSettings = {
				INFOPLIST_FILE = SimpleTaskManagerUITests/Info.plist;
				LD_RUNPATH_SEARCH_PATHS = "$(inherited) @executable_path/Frameworks @loader_path/Frameworks";
				PRODUCT_BUNDLE_IDENTIFIER = cody.SimpleTaskManagerUITests;
				PRODUCT_NAME = "$(TARGET_NAME)";
				SWIFT_VERSION = 3.0;
				TEST_TARGET_NAME = SimpleTaskManager;
			};
			name = Debug;
		};
		C32DB23B1D1F17220005BCA9 /* Release */ = {
			isa = XCBuildConfiguration;
			buildSettings = {
				INFOPLIST_FILE = SimpleTaskManagerUITests/Info.plist;
				LD_RUNPATH_SEARCH_PATHS = "$(inherited) @executable_path/Frameworks @loader_path/Frameworks";
				PRODUCT_BUNDLE_IDENTIFIER = cody.SimpleTaskManagerUITests;
				PRODUCT_NAME = "$(TARGET_NAME)";
				SWIFT_VERSION = 3.0;
				TEST_TARGET_NAME = SimpleTaskManager;
			};
			name = Release;
		};
/* End XCBuildConfiguration section */

/* Begin XCConfigurationList section */
		C32DB2031D1F17220005BCA9 /* Build configuration list for PBXProject "SimpleTaskManager" */ = {
			isa = XCConfigurationList;
			buildConfigurations = (
				C32DB2311D1F17220005BCA9 /* Debug */,
				C32DB2321D1F17220005BCA9 /* Release */,
			);
			defaultConfigurationIsVisible = 0;
			defaultConfigurationName = Release;
		};
		C32DB2331D1F17220005BCA9 /* Build configuration list for PBXNativeTarget "SimpleTaskManager" */ = {
			isa = XCConfigurationList;
			buildConfigurations = (
				C32DB2341D1F17220005BCA9 /* Debug */,
				C32DB2351D1F17220005BCA9 /* Release */,
			);
			defaultConfigurationIsVisible = 0;
			defaultConfigurationName = Release;
		};
		C32DB2361D1F17220005BCA9 /* Build configuration list for PBXNativeTarget "SimpleTaskManagerTests" */ = {
			isa = XCConfigurationList;
			buildConfigurations = (
				C32DB2371D1F17220005BCA9 /* Debug */,
				C32DB2381D1F17220005BCA9 /* Release */,
			);
			defaultConfigurationIsVisible = 0;
			defaultConfigurationName = Release;
		};
		C32DB2391D1F17220005BCA9 /* Build configuration list for PBXNativeTarget "SimpleTaskManagerUITests" */ = {
			isa = XCConfigurationList;
			buildConfigurations = (
				C32DB23A1D1F17220005BCA9 /* Debug */,
				C32DB23B1D1F17220005BCA9 /* Release */,
			);
			defaultConfigurationIsVisible = 0;
			defaultConfigurationName = Release;
		};
/* End XCConfigurationList section */

/* Begin XCVersionGroup section */
		C32DB2121D1F17220005BCA9 /* SimpleTaskManager.xcdatamodeld */ = {
			isa = XCVersionGroup;
			children = (
				C32DB2131D1F17220005BCA9 /* SimpleTaskManager.xcdatamodel */,
			);
			currentVersion = C32DB2131D1F17220005BCA9 /* SimpleTaskManager.xcdatamodel */;
			path = SimpleTaskManager.xcdatamodeld;
			sourceTree = "<group>";
			versionGroupType = wrapper.xcdatamodel;
		};
/* End XCVersionGroup section */
	};
	rootObject = C32DB2001D1F17220005BCA9 /* Project object */;
}
